// !$*UTF8*$!
{
	archiveVersion = 1;
	classes = {
	};
	objectVersion = 51;
	objects = {

/* Begin PBXBuildFile section */
		022C0D83C63F747EDA8177B5 /* Pods_FallingWordsTests.framework in Frameworks */ = {isa = PBXBuildFile; fileRef = 60B17F1E858CFC6E0F921D78 /* Pods_FallingWordsTests.framework */; };
		79D1F5998D8084A8004B1B55 /* Pods_FallingWords.framework in Frameworks */ = {isa = PBXBuildFile; fileRef = 8E1C2AAACC392A10F98C1065 /* Pods_FallingWords.framework */; };
		B84595B021FC76CC00627186 /* GameViewController.swift in Sources */ = {isa = PBXBuildFile; fileRef = B84595AF21FC76CC00627186 /* GameViewController.swift */; };
		B84595B521FC7FB200627186 /* GameViewStateConverter.swift in Sources */ = {isa = PBXBuildFile; fileRef = B84595B421FC7FB200627186 /* GameViewStateConverter.swift */; };
		B84595B721FC7FBC00627186 /* GameViewState.swift in Sources */ = {isa = PBXBuildFile; fileRef = B84595B621FC7FBC00627186 /* GameViewState.swift */; };
		B84595BA21FC809B00627186 /* StateStoreBindable.swift in Sources */ = {isa = PBXBuildFile; fileRef = B84595B921FC809B00627186 /* StateStoreBindable.swift */; };
		B84595BD21FC839600627186 /* Scene.swift in Sources */ = {isa = PBXBuildFile; fileRef = B84595BC21FC839600627186 /* Scene.swift */; };
		B84595BF21FC839B00627186 /* SceneCoordinator.swift in Sources */ = {isa = PBXBuildFile; fileRef = B84595BE21FC839B00627186 /* SceneCoordinator.swift */; };
		B84595C421FC8C6900627186 /* GameViewStateConverterTests.swift in Sources */ = {isa = PBXBuildFile; fileRef = B84595C321FC8C6900627186 /* GameViewStateConverterTests.swift */; };
		B84595C621FC8F5B00627186 /* GameResults.swift in Sources */ = {isa = PBXBuildFile; fileRef = B84595C521FC8F5B00627186 /* GameResults.swift */; };
		B84595C821FC915800627186 /* State+ApplyEvents.swift in Sources */ = {isa = PBXBuildFile; fileRef = B84595C721FC915800627186 /* State+ApplyEvents.swift */; };
		B84595CB21FC97B500627186 /* ResultsViewController.swift in Sources */ = {isa = PBXBuildFile; fileRef = B84595CA21FC97B500627186 /* ResultsViewController.swift */; };
		B84595CD21FC98E800627186 /* ResultsViewStateConverter.swift in Sources */ = {isa = PBXBuildFile; fileRef = B84595CC21FC98E800627186 /* ResultsViewStateConverter.swift */; };
		B84595CF21FC991D00627186 /* ResultsViewState.swift in Sources */ = {isa = PBXBuildFile; fileRef = B84595CE21FC991D00627186 /* ResultsViewState.swift */; };
		B84595D121FC9AB600627186 /* ResultsViewStateConverter.swift in Sources */ = {isa = PBXBuildFile; fileRef = B84595D021FC9AB600627186 /* ResultsViewStateConverter.swift */; };
		B84E74C621FC520700880EB1 /* TranslatedWordsParser.swift in Sources */ = {isa = PBXBuildFile; fileRef = B84E74C521FC520700880EB1 /* TranslatedWordsParser.swift */; };
		B84E74C921FC523000880EB1 /* TranslatedWord.swift in Sources */ = {isa = PBXBuildFile; fileRef = B84E74C821FC523000880EB1 /* TranslatedWord.swift */; };
		B84E74CB21FC534C00880EB1 /* TranslatedWordsLoader.swift in Sources */ = {isa = PBXBuildFile; fileRef = B84E74CA21FC534C00880EB1 /* TranslatedWordsLoader.swift */; };
		B84E74CD21FC54A900880EB1 /* TranslatedWordsParserTests.swift in Sources */ = {isa = PBXBuildFile; fileRef = B84E74CC21FC54A900880EB1 /* TranslatedWordsParserTests.swift */; };
		B84E74D021FC558200880EB1 /* RoundData.swift in Sources */ = {isa = PBXBuildFile; fileRef = B84E74CF21FC558200880EB1 /* RoundData.swift */; };
		B84E74D221FC562500880EB1 /* RoundsDataProvider.swift in Sources */ = {isa = PBXBuildFile; fileRef = B84E74D121FC562500880EB1 /* RoundsDataProvider.swift */; };
		B84E74D521FC575D00880EB1 /* RoundsDataProviderTests.swift in Sources */ = {isa = PBXBuildFile; fileRef = B84E74D421FC575D00880EB1 /* RoundsDataProviderTests.swift */; };
		B84E74D721FC58B200880EB1 /* TestData.swift in Sources */ = {isa = PBXBuildFile; fileRef = B84E74D621FC58B200880EB1 /* TestData.swift */; };
		B84E74DA21FC689D00880EB1 /* AppState.swift in Sources */ = {isa = PBXBuildFile; fileRef = B84E74D921FC689D00880EB1 /* AppState.swift */; };
		B84E74DC21FC68A300880EB1 /* SideEffects.swift in Sources */ = {isa = PBXBuildFile; fileRef = B84E74DB21FC68A200880EB1 /* SideEffects.swift */; };
		B84E74DE21FC68A900880EB1 /* AppStateStore.swift in Sources */ = {isa = PBXBuildFile; fileRef = B84E74DD21FC68A900880EB1 /* AppStateStore.swift */; };
		B84E74E121FC6BCF00880EB1 /* ReducerTests.swift in Sources */ = {isa = PBXBuildFile; fileRef = B84E74E021FC6BCF00880EB1 /* ReducerTests.swift */; };
		B84E74E321FC6D1500880EB1 /* SideEffectsInvocationTests.swift in Sources */ = {isa = PBXBuildFile; fileRef = B84E74E221FC6D1500880EB1 /* SideEffectsInvocationTests.swift */; };
		B84E74E621FC705500880EB1 /* SideEffectsMock.swift in Sources */ = {isa = PBXBuildFile; fileRef = B84E74E521FC705500880EB1 /* SideEffectsMock.swift */; };
		B851DFE721FB393A002D4A6C /* AppDelegate.swift in Sources */ = {isa = PBXBuildFile; fileRef = B851DFE621FB393A002D4A6C /* AppDelegate.swift */; };
		B851DFEC21FB393A002D4A6C /* Main.storyboard in Resources */ = {isa = PBXBuildFile; fileRef = B851DFEA21FB393A002D4A6C /* Main.storyboard */; };
		B851DFEE21FB393B002D4A6C /* Assets.xcassets in Resources */ = {isa = PBXBuildFile; fileRef = B851DFED21FB393B002D4A6C /* Assets.xcassets */; };
		B851DFF121FB393B002D4A6C /* LaunchScreen.storyboard in Resources */ = {isa = PBXBuildFile; fileRef = B851DFEF21FB393B002D4A6C /* LaunchScreen.storyboard */; };
		B851E00721FB3AC8002D4A6C /* words.json in Resources */ = {isa = PBXBuildFile; fileRef = B851E00621FB3AC7002D4A6C /* words.json */; };
		B89BCAC821FB5CE900F0EB5B /* Strings.swift in Sources */ = {isa = PBXBuildFile; fileRef = B89BCAC621FB5CE900F0EB5B /* Strings.swift */; };
		B89BCAC921FB5CE900F0EB5B /* Localizable.strings in Resources */ = {isa = PBXBuildFile; fileRef = B89BCAC721FB5CE900F0EB5B /* Localizable.strings */; };
/* End PBXBuildFile section */

/* Begin PBXContainerItemProxy section */
		B851DFF821FB393B002D4A6C /* PBXContainerItemProxy */ = {
			isa = PBXContainerItemProxy;
			containerPortal = B851DFDB21FB393A002D4A6C /* Project object */;
			proxyType = 1;
			remoteGlobalIDString = B851DFE221FB393A002D4A6C;
			remoteInfo = FallingWords;
		};
/* End PBXContainerItemProxy section */

/* Begin PBXFileReference section */
		60B17F1E858CFC6E0F921D78 /* Pods_FallingWordsTests.framework */ = {isa = PBXFileReference; explicitFileType = wrapper.framework; includeInIndex = 0; path = Pods_FallingWordsTests.framework; sourceTree = BUILT_PRODUCTS_DIR; };
		8027F29478EC1AC2D3BECBCD /* Pods-FallingWords.release.xcconfig */ = {isa = PBXFileReference; includeInIndex = 1; lastKnownFileType = text.xcconfig; name = "Pods-FallingWords.release.xcconfig"; path = "Pods/Target Support Files/Pods-FallingWords/Pods-FallingWords.release.xcconfig"; sourceTree = "<group>"; };
		880530449C81352E00EE63B6 /* Pods-FallingWordsTests.debug.xcconfig */ = {isa = PBXFileReference; includeInIndex = 1; lastKnownFileType = text.xcconfig; name = "Pods-FallingWordsTests.debug.xcconfig"; path = "Pods/Target Support Files/Pods-FallingWordsTests/Pods-FallingWordsTests.debug.xcconfig"; sourceTree = "<group>"; };
		8E1C2AAACC392A10F98C1065 /* Pods_FallingWords.framework */ = {isa = PBXFileReference; explicitFileType = wrapper.framework; includeInIndex = 0; path = Pods_FallingWords.framework; sourceTree = BUILT_PRODUCTS_DIR; };
		B84595AF21FC76CC00627186 /* GameViewController.swift */ = {isa = PBXFileReference; lastKnownFileType = sourcecode.swift; path = GameViewController.swift; sourceTree = "<group>"; };
		B84595B421FC7FB200627186 /* GameViewStateConverter.swift */ = {isa = PBXFileReference; lastKnownFileType = sourcecode.swift; path = GameViewStateConverter.swift; sourceTree = "<group>"; };
		B84595B621FC7FBC00627186 /* GameViewState.swift */ = {isa = PBXFileReference; lastKnownFileType = sourcecode.swift; path = GameViewState.swift; sourceTree = "<group>"; };
		B84595B921FC809B00627186 /* StateStoreBindable.swift */ = {isa = PBXFileReference; fileEncoding = 4; lastKnownFileType = sourcecode.swift; path = StateStoreBindable.swift; sourceTree = "<group>"; };
		B84595BC21FC839600627186 /* Scene.swift */ = {isa = PBXFileReference; fileEncoding = 4; lastKnownFileType = sourcecode.swift; path = Scene.swift; sourceTree = "<group>"; };
		B84595BE21FC839B00627186 /* SceneCoordinator.swift */ = {isa = PBXFileReference; fileEncoding = 4; lastKnownFileType = sourcecode.swift; path = SceneCoordinator.swift; sourceTree = "<group>"; };
		B84595C321FC8C6900627186 /* GameViewStateConverterTests.swift */ = {isa = PBXFileReference; lastKnownFileType = sourcecode.swift; path = GameViewStateConverterTests.swift; sourceTree = "<group>"; };
		B84595C521FC8F5B00627186 /* GameResults.swift */ = {isa = PBXFileReference; lastKnownFileType = sourcecode.swift; path = GameResults.swift; sourceTree = "<group>"; };
		B84595C721FC915800627186 /* State+ApplyEvents.swift */ = {isa = PBXFileReference; fileEncoding = 4; lastKnownFileType = sourcecode.swift; path = "State+ApplyEvents.swift"; sourceTree = "<group>"; };
		B84595CA21FC97B500627186 /* ResultsViewController.swift */ = {isa = PBXFileReference; lastKnownFileType = sourcecode.swift; path = ResultsViewController.swift; sourceTree = "<group>"; };
		B84595CC21FC98E800627186 /* ResultsViewStateConverter.swift */ = {isa = PBXFileReference; lastKnownFileType = sourcecode.swift; path = ResultsViewStateConverter.swift; sourceTree = "<group>"; };
		B84595CE21FC991D00627186 /* ResultsViewState.swift */ = {isa = PBXFileReference; lastKnownFileType = sourcecode.swift; path = ResultsViewState.swift; sourceTree = "<group>"; };
		B84595D021FC9AB600627186 /* ResultsViewStateConverter.swift */ = {isa = PBXFileReference; lastKnownFileType = sourcecode.swift; path = ResultsViewStateConverter.swift; sourceTree = "<group>"; };
		B84E74C521FC520700880EB1 /* TranslatedWordsParser.swift */ = {isa = PBXFileReference; lastKnownFileType = sourcecode.swift; path = TranslatedWordsParser.swift; sourceTree = "<group>"; };
		B84E74C821FC523000880EB1 /* TranslatedWord.swift */ = {isa = PBXFileReference; lastKnownFileType = sourcecode.swift; path = TranslatedWord.swift; sourceTree = "<group>"; };
		B84E74CA21FC534C00880EB1 /* TranslatedWordsLoader.swift */ = {isa = PBXFileReference; lastKnownFileType = sourcecode.swift; path = TranslatedWordsLoader.swift; sourceTree = "<group>"; };
		B84E74CC21FC54A900880EB1 /* TranslatedWordsParserTests.swift */ = {isa = PBXFileReference; lastKnownFileType = sourcecode.swift; path = TranslatedWordsParserTests.swift; sourceTree = "<group>"; };
		B84E74CF21FC558200880EB1 /* RoundData.swift */ = {isa = PBXFileReference; lastKnownFileType = sourcecode.swift; path = RoundData.swift; sourceTree = "<group>"; };
		B84E74D121FC562500880EB1 /* RoundsDataProvider.swift */ = {isa = PBXFileReference; lastKnownFileType = sourcecode.swift; path = RoundsDataProvider.swift; sourceTree = "<group>"; };
		B84E74D421FC575D00880EB1 /* RoundsDataProviderTests.swift */ = {isa = PBXFileReference; lastKnownFileType = sourcecode.swift; path = RoundsDataProviderTests.swift; sourceTree = "<group>"; };
		B84E74D621FC58B200880EB1 /* TestData.swift */ = {isa = PBXFileReference; lastKnownFileType = sourcecode.swift; path = TestData.swift; sourceTree = "<group>"; };
		B84E74D921FC689D00880EB1 /* AppState.swift */ = {isa = PBXFileReference; fileEncoding = 4; lastKnownFileType = sourcecode.swift; path = AppState.swift; sourceTree = "<group>"; };
		B84E74DB21FC68A200880EB1 /* SideEffects.swift */ = {isa = PBXFileReference; fileEncoding = 4; lastKnownFileType = sourcecode.swift; path = SideEffects.swift; sourceTree = "<group>"; };
		B84E74DD21FC68A900880EB1 /* AppStateStore.swift */ = {isa = PBXFileReference; fileEncoding = 4; lastKnownFileType = sourcecode.swift; path = AppStateStore.swift; sourceTree = "<group>"; };
		B84E74E021FC6BCF00880EB1 /* ReducerTests.swift */ = {isa = PBXFileReference; lastKnownFileType = sourcecode.swift; path = ReducerTests.swift; sourceTree = "<group>"; };
		B84E74E221FC6D1500880EB1 /* SideEffectsInvocationTests.swift */ = {isa = PBXFileReference; lastKnownFileType = sourcecode.swift; path = SideEffectsInvocationTests.swift; sourceTree = "<group>"; };
		B84E74E521FC705500880EB1 /* SideEffectsMock.swift */ = {isa = PBXFileReference; lastKnownFileType = sourcecode.swift; path = SideEffectsMock.swift; sourceTree = "<group>"; };
		B851DFE321FB393A002D4A6C /* FallingWords.app */ = {isa = PBXFileReference; explicitFileType = wrapper.application; includeInIndex = 0; path = FallingWords.app; sourceTree = BUILT_PRODUCTS_DIR; };
		B851DFE621FB393A002D4A6C /* AppDelegate.swift */ = {isa = PBXFileReference; lastKnownFileType = sourcecode.swift; path = AppDelegate.swift; sourceTree = "<group>"; };
		B851DFEB21FB393A002D4A6C /* Base */ = {isa = PBXFileReference; lastKnownFileType = file.storyboard; name = Base; path = Base.lproj/Main.storyboard; sourceTree = "<group>"; };
		B851DFED21FB393B002D4A6C /* Assets.xcassets */ = {isa = PBXFileReference; lastKnownFileType = folder.assetcatalog; path = Assets.xcassets; sourceTree = "<group>"; };
		B851DFF021FB393B002D4A6C /* Base */ = {isa = PBXFileReference; lastKnownFileType = file.storyboard; name = Base; path = Base.lproj/LaunchScreen.storyboard; sourceTree = "<group>"; };
		B851DFF221FB393B002D4A6C /* Info.plist */ = {isa = PBXFileReference; lastKnownFileType = text.plist.xml; path = Info.plist; sourceTree = "<group>"; };
		B851DFF721FB393B002D4A6C /* FallingWordsTests.xctest */ = {isa = PBXFileReference; explicitFileType = wrapper.cfbundle; includeInIndex = 0; path = FallingWordsTests.xctest; sourceTree = BUILT_PRODUCTS_DIR; };
		B851DFFD21FB393B002D4A6C /* Info.plist */ = {isa = PBXFileReference; lastKnownFileType = text.plist.xml; path = Info.plist; sourceTree = "<group>"; };
		B851E00621FB3AC7002D4A6C /* words.json */ = {isa = PBXFileReference; fileEncoding = 4; lastKnownFileType = text.json; path = words.json; sourceTree = "<group>"; };
		B89BCAC621FB5CE900F0EB5B /* Strings.swift */ = {isa = PBXFileReference; fileEncoding = 4; lastKnownFileType = sourcecode.swift; name = Strings.swift; path = FallingWords/Strings.swift; sourceTree = SOURCE_ROOT; };
		B89BCAC721FB5CE900F0EB5B /* Localizable.strings */ = {isa = PBXFileReference; fileEncoding = 4; lastKnownFileType = text.plist.strings; name = Localizable.strings; path = FallingWords/Localizable.strings; sourceTree = SOURCE_ROOT; };
		E2961C1FB14E834C85B065FF /* Pods-FallingWords.debug.xcconfig */ = {isa = PBXFileReference; includeInIndex = 1; lastKnownFileType = text.xcconfig; name = "Pods-FallingWords.debug.xcconfig"; path = "Pods/Target Support Files/Pods-FallingWords/Pods-FallingWords.debug.xcconfig"; sourceTree = "<group>"; };
		F71B26DFC560E01FC9192985 /* Pods-FallingWordsTests.release.xcconfig */ = {isa = PBXFileReference; includeInIndex = 1; lastKnownFileType = text.xcconfig; name = "Pods-FallingWordsTests.release.xcconfig"; path = "Pods/Target Support Files/Pods-FallingWordsTests/Pods-FallingWordsTests.release.xcconfig"; sourceTree = "<group>"; };
/* End PBXFileReference section */

/* Begin PBXFrameworksBuildPhase section */
		B851DFE021FB393A002D4A6C /* Frameworks */ = {
			isa = PBXFrameworksBuildPhase;
			buildActionMask = 2147483647;
			files = (
				79D1F5998D8084A8004B1B55 /* Pods_FallingWords.framework in Frameworks */,
			);
			runOnlyForDeploymentPostprocessing = 0;
		};
		B851DFF421FB393B002D4A6C /* Frameworks */ = {
			isa = PBXFrameworksBuildPhase;
			buildActionMask = 2147483647;
			files = (
				022C0D83C63F747EDA8177B5 /* Pods_FallingWordsTests.framework in Frameworks */,
			);
			runOnlyForDeploymentPostprocessing = 0;
		};
/* End PBXFrameworksBuildPhase section */

/* Begin PBXGroup section */
		48D596FE2BDA3D26186BFD17 /* Frameworks */ = {
			isa = PBXGroup;
			children = (
				8E1C2AAACC392A10F98C1065 /* Pods_FallingWords.framework */,
				60B17F1E858CFC6E0F921D78 /* Pods_FallingWordsTests.framework */,
			);
			name = Frameworks;
			sourceTree = "<group>";
		};
		B84595AD21FC769D00627186 /* Scenes */ = {
			isa = PBXGroup;
			children = (
				B84595C921FC974D00627186 /* ResultsScene */,
				B84595AE21FC76A700627186 /* GameScene */,
			);
			path = Scenes;
			sourceTree = "<group>";
		};
		B84595AE21FC76A700627186 /* GameScene */ = {
			isa = PBXGroup;
			children = (
				B84595AF21FC76CC00627186 /* GameViewController.swift */,
				B84595B421FC7FB200627186 /* GameViewStateConverter.swift */,
				B84595B621FC7FBC00627186 /* GameViewState.swift */,
			);
			path = GameScene;
			sourceTree = "<group>";
		};
		B84595B821FC808A00627186 /* Utils */ = {
			isa = PBXGroup;
			children = (
				B84595B921FC809B00627186 /* StateStoreBindable.swift */,
			);
			path = Utils;
			sourceTree = "<group>";
		};
		B84595BB21FC838D00627186 /* SceneCoordinator */ = {
			isa = PBXGroup;
			children = (
				B84595BC21FC839600627186 /* Scene.swift */,
				B84595BE21FC839B00627186 /* SceneCoordinator.swift */,
			);
			path = SceneCoordinator;
			sourceTree = "<group>";
		};
		B84595C221FC8C4F00627186 /* ViewStateTests */ = {
			isa = PBXGroup;
			children = (
				B84595C321FC8C6900627186 /* GameViewStateConverterTests.swift */,
				B84595D021FC9AB600627186 /* ResultsViewStateConverter.swift */,
			);
			path = ViewStateTests;
			sourceTree = "<group>";
		};
		B84595C921FC974D00627186 /* ResultsScene */ = {
			isa = PBXGroup;
			children = (
				B84595CA21FC97B500627186 /* ResultsViewController.swift */,
				B84595CC21FC98E800627186 /* ResultsViewStateConverter.swift */,
				B84595CE21FC991D00627186 /* ResultsViewState.swift */,
			);
			path = ResultsScene;
			sourceTree = "<group>";
		};
		B84E74C421FC51C200880EB1 /* Services */ = {
			isa = PBXGroup;
			children = (
				B84E74C521FC520700880EB1 /* TranslatedWordsParser.swift */,
				B84E74D121FC562500880EB1 /* RoundsDataProvider.swift */,
				B84E74CA21FC534C00880EB1 /* TranslatedWordsLoader.swift */,
			);
			path = Services;
			sourceTree = "<group>";
		};
		B84E74C721FC521E00880EB1 /* Models */ = {
			isa = PBXGroup;
			children = (
				B84E74C821FC523000880EB1 /* TranslatedWord.swift */,
				B84E74CF21FC558200880EB1 /* RoundData.swift */,
				B84595C521FC8F5B00627186 /* GameResults.swift */,
			);
			path = Models;
			sourceTree = "<group>";
		};
		B84E74D321FC573100880EB1 /* ServicesTests */ = {
			isa = PBXGroup;
			children = (
				B84E74CC21FC54A900880EB1 /* TranslatedWordsParserTests.swift */,
				B84E74D421FC575D00880EB1 /* RoundsDataProviderTests.swift */,
			);
			path = ServicesTests;
			sourceTree = "<group>";
		};
		B84E74D821FC687B00880EB1 /* AppState */ = {
			isa = PBXGroup;
			children = (
				B84E74DD21FC68A900880EB1 /* AppStateStore.swift */,
				B84E74D921FC689D00880EB1 /* AppState.swift */,
				B84E74DB21FC68A200880EB1 /* SideEffects.swift */,
			);
			path = AppState;
			sourceTree = "<group>";
		};
		B84E74E421FC703200880EB1 /* Mocks */ = {
			isa = PBXGroup;
			children = (
				B84E74E521FC705500880EB1 /* SideEffectsMock.swift */,
			);
			path = Mocks;
			sourceTree = "<group>";
		};
		B84E74E721FC73A700880EB1 /* TestData */ = {
			isa = PBXGroup;
			children = (
				B84E74D621FC58B200880EB1 /* TestData.swift */,
			);
			path = TestData;
			sourceTree = "<group>";
		};
		B851DFDA21FB393A002D4A6C = {
			isa = PBXGroup;
			children = (
				B851DFE521FB393A002D4A6C /* FallingWords */,
				B851DFFA21FB393B002D4A6C /* FallingWordsTests */,
				B851DFE421FB393A002D4A6C /* Products */,
				CB5883FB032638CE3477DB6A /* Pods */,
				48D596FE2BDA3D26186BFD17 /* Frameworks */,
			);
			sourceTree = "<group>";
		};
		B851DFE421FB393A002D4A6C /* Products */ = {
			isa = PBXGroup;
			children = (
				B851DFE321FB393A002D4A6C /* FallingWords.app */,
				B851DFF721FB393B002D4A6C /* FallingWordsTests.xctest */,
			);
			name = Products;
			sourceTree = "<group>";
		};
		B851DFE521FB393A002D4A6C /* FallingWords */ = {
			isa = PBXGroup;
			children = (
				B84595BB21FC838D00627186 /* SceneCoordinator */,
				B84595B821FC808A00627186 /* Utils */,
				B84595AD21FC769D00627186 /* Scenes */,
				B84E74D821FC687B00880EB1 /* AppState */,
				B84E74C721FC521E00880EB1 /* Models */,
				B84E74C421FC51C200880EB1 /* Services */,
				B851E00621FB3AC7002D4A6C /* words.json */,
				B851DFE621FB393A002D4A6C /* AppDelegate.swift */,
				B851DFEA21FB393A002D4A6C /* Main.storyboard */,
				B851DFED21FB393B002D4A6C /* Assets.xcassets */,
				B851DFEF21FB393B002D4A6C /* LaunchScreen.storyboard */,
				B89BCAC721FB5CE900F0EB5B /* Localizable.strings */,
				B89BCAC621FB5CE900F0EB5B /* Strings.swift */,
				B851DFF221FB393B002D4A6C /* Info.plist */,
			);
			path = FallingWords;
			sourceTree = "<group>";
		};
		B851DFFA21FB393B002D4A6C /* FallingWordsTests */ = {
			isa = PBXGroup;
			children = (
				B84595C221FC8C4F00627186 /* ViewStateTests */,
				B84E74E721FC73A700880EB1 /* TestData */,
				B84E74E421FC703200880EB1 /* Mocks */,
				B84E74D321FC573100880EB1 /* ServicesTests */,
				B84E74E021FC6BCF00880EB1 /* ReducerTests.swift */,
				B84E74E221FC6D1500880EB1 /* SideEffectsInvocationTests.swift */,
				B84595C721FC915800627186 /* State+ApplyEvents.swift */,
				B851DFFD21FB393B002D4A6C /* Info.plist */,
			);
			path = FallingWordsTests;
			sourceTree = "<group>";
		};
		CB5883FB032638CE3477DB6A /* Pods */ = {
			isa = PBXGroup;
			children = (
				E2961C1FB14E834C85B065FF /* Pods-FallingWords.debug.xcconfig */,
				8027F29478EC1AC2D3BECBCD /* Pods-FallingWords.release.xcconfig */,
				880530449C81352E00EE63B6 /* Pods-FallingWordsTests.debug.xcconfig */,
				F71B26DFC560E01FC9192985 /* Pods-FallingWordsTests.release.xcconfig */,
			);
			name = Pods;
			sourceTree = "<group>";
		};
/* End PBXGroup section */

/* Begin PBXNativeTarget section */
		B851DFE221FB393A002D4A6C /* FallingWords */ = {
			isa = PBXNativeTarget;
			buildConfigurationList = B851E00021FB393B002D4A6C /* Build configuration list for PBXNativeTarget "FallingWords" */;
			buildPhases = (
				5E5E1F4FD2EB8220369309BF /* [CP] Check Pods Manifest.lock */,
				B89BCACA21FB5D2300F0EB5B /* SwiftGen */,
				B851DFDF21FB393A002D4A6C /* Sources */,
				B851DFE021FB393A002D4A6C /* Frameworks */,
				B851DFE121FB393A002D4A6C /* Resources */,
				A7FC92408C413212BACCE399 /* [CP] Embed Pods Frameworks */,
				B89BCAC521FB5AC600F0EB5B /* SwiftLint */,
			);
			buildRules = (
			);
			dependencies = (
			);
			name = FallingWords;
			productName = FallingWords;
			productReference = B851DFE321FB393A002D4A6C /* FallingWords.app */;
			productType = "com.apple.product-type.application";
		};
		B851DFF621FB393B002D4A6C /* FallingWordsTests */ = {
			isa = PBXNativeTarget;
			buildConfigurationList = B851E00321FB393B002D4A6C /* Build configuration list for PBXNativeTarget "FallingWordsTests" */;
			buildPhases = (
				F596109A116EBF7C1E0144A4 /* [CP] Check Pods Manifest.lock */,
				B851DFF321FB393B002D4A6C /* Sources */,
				B851DFF421FB393B002D4A6C /* Frameworks */,
				B851DFF521FB393B002D4A6C /* Resources */,
				C7576F0F4AD78F528807B865 /* [CP] Embed Pods Frameworks */,
			);
			buildRules = (
			);
			dependencies = (
				B851DFF921FB393B002D4A6C /* PBXTargetDependency */,
			);
			name = FallingWordsTests;
			productName = FallingWordsTests;
			productReference = B851DFF721FB393B002D4A6C /* FallingWordsTests.xctest */;
			productType = "com.apple.product-type.bundle.unit-test";
		};
/* End PBXNativeTarget section */

/* Begin PBXProject section */
		B851DFDB21FB393A002D4A6C /* Project object */ = {
			isa = PBXProject;
			attributes = {
				LastSwiftUpdateCheck = 1010;
				LastUpgradeCheck = 1010;
				ORGANIZATIONNAME = AlexShubin;
				TargetAttributes = {
					B851DFE221FB393A002D4A6C = {
						CreatedOnToolsVersion = 10.1;
						LastSwiftMigration = 1120;
					};
					B851DFF621FB393B002D4A6C = {
						CreatedOnToolsVersion = 10.1;
						LastSwiftMigration = 1120;
						TestTargetID = B851DFE221FB393A002D4A6C;
					};
				};
			};
			buildConfigurationList = B851DFDE21FB393A002D4A6C /* Build configuration list for PBXProject "FallingWords" */;
			compatibilityVersion = "Xcode 9.3";
			developmentRegion = en;
			hasScannedForEncodings = 0;
			knownRegions = (
				en,
				Base,
			);
			mainGroup = B851DFDA21FB393A002D4A6C;
			productRefGroup = B851DFE421FB393A002D4A6C /* Products */;
			projectDirPath = "";
			projectRoot = "";
			targets = (
				B851DFE221FB393A002D4A6C /* FallingWords */,
				B851DFF621FB393B002D4A6C /* FallingWordsTests */,
			);
		};
/* End PBXProject section */

/* Begin PBXResourcesBuildPhase section */
		B851DFE121FB393A002D4A6C /* Resources */ = {
			isa = PBXResourcesBuildPhase;
			buildActionMask = 2147483647;
			files = (
				B89BCAC921FB5CE900F0EB5B /* Localizable.strings in Resources */,
				B851DFF121FB393B002D4A6C /* LaunchScreen.storyboard in Resources */,
				B851E00721FB3AC8002D4A6C /* words.json in Resources */,
				B851DFEE21FB393B002D4A6C /* Assets.xcassets in Resources */,
				B851DFEC21FB393A002D4A6C /* Main.storyboard in Resources */,
			);
			runOnlyForDeploymentPostprocessing = 0;
		};
		B851DFF521FB393B002D4A6C /* Resources */ = {
			isa = PBXResourcesBuildPhase;
			buildActionMask = 2147483647;
			files = (
			);
			runOnlyForDeploymentPostprocessing = 0;
		};
/* End PBXResourcesBuildPhase section */

/* Begin PBXShellScriptBuildPhase section */
		5E5E1F4FD2EB8220369309BF /* [CP] Check Pods Manifest.lock */ = {
			isa = PBXShellScriptBuildPhase;
			buildActionMask = 2147483647;
			files = (
			);
			inputFileListPaths = (
			);
			inputPaths = (
				"${PODS_PODFILE_DIR_PATH}/Podfile.lock",
				"${PODS_ROOT}/Manifest.lock",
			);
			name = "[CP] Check Pods Manifest.lock";
			outputFileListPaths = (
			);
			outputPaths = (
				"$(DERIVED_FILE_DIR)/Pods-FallingWords-checkManifestLockResult.txt",
			);
			runOnlyForDeploymentPostprocessing = 0;
			shellPath = /bin/sh;
			shellScript = "diff \"${PODS_PODFILE_DIR_PATH}/Podfile.lock\" \"${PODS_ROOT}/Manifest.lock\" > /dev/null\nif [ $? != 0 ] ; then\n    # print error to STDERR\n    echo \"error: The sandbox is not in sync with the Podfile.lock. Run 'pod install' or update your CocoaPods installation.\" >&2\n    exit 1\nfi\n# This output is used by Xcode 'outputs' to avoid re-running this script phase.\necho \"SUCCESS\" > \"${SCRIPT_OUTPUT_FILE_0}\"\n";
			showEnvVarsInLog = 0;
		};
		A7FC92408C413212BACCE399 /* [CP] Embed Pods Frameworks */ = {
			isa = PBXShellScriptBuildPhase;
			buildActionMask = 2147483647;
			files = (
			);
			inputFileListPaths = (
				"${PODS_ROOT}/Target Support Files/Pods-FallingWords/Pods-FallingWords-frameworks-${CONFIGURATION}-input-files.xcfilelist",
			);
			name = "[CP] Embed Pods Frameworks";
			outputFileListPaths = (
				"${PODS_ROOT}/Target Support Files/Pods-FallingWords/Pods-FallingWords-frameworks-${CONFIGURATION}-output-files.xcfilelist",
			);
			runOnlyForDeploymentPostprocessing = 0;
			shellPath = /bin/sh;
			shellScript = "\"${PODS_ROOT}/Target Support Files/Pods-FallingWords/Pods-FallingWords-frameworks.sh\"\n";
			showEnvVarsInLog = 0;
		};
		B89BCAC521FB5AC600F0EB5B /* SwiftLint */ = {
			isa = PBXShellScriptBuildPhase;
			buildActionMask = 2147483647;
			files = (
			);
			inputFileListPaths = (
			);
			inputPaths = (
			);
			name = SwiftLint;
			outputFileListPaths = (
			);
			outputPaths = (
			);
			runOnlyForDeploymentPostprocessing = 0;
			shellPath = /bin/sh;
			shellScript = "${PODS_ROOT}/SwiftLint/swiftlint autocorrect\n${PODS_ROOT}/SwiftLint/swiftlint\n";
		};
		B89BCACA21FB5D2300F0EB5B /* SwiftGen */ = {
			isa = PBXShellScriptBuildPhase;
			buildActionMask = 2147483647;
			files = (
			);
			inputFileListPaths = (
			);
			inputPaths = (
			);
			name = SwiftGen;
			outputFileListPaths = (
			);
			outputPaths = (
			);
			runOnlyForDeploymentPostprocessing = 0;
			shellPath = /bin/sh;
			shellScript = "$PODS_ROOT/SwiftGen/bin/swiftgen strings -t structured-swift4 $TARGET_NAME/Localizable.strings -o $TARGET_NAME/Strings.swift \n";
		};
		C7576F0F4AD78F528807B865 /* [CP] Embed Pods Frameworks */ = {
			isa = PBXShellScriptBuildPhase;
			buildActionMask = 2147483647;
			files = (
			);
			inputFileListPaths = (
				"${PODS_ROOT}/Target Support Files/Pods-FallingWordsTests/Pods-FallingWordsTests-frameworks-${CONFIGURATION}-input-files.xcfilelist",
			);
			name = "[CP] Embed Pods Frameworks";
			outputFileListPaths = (
				"${PODS_ROOT}/Target Support Files/Pods-FallingWordsTests/Pods-FallingWordsTests-frameworks-${CONFIGURATION}-output-files.xcfilelist",
			);
			runOnlyForDeploymentPostprocessing = 0;
			shellPath = /bin/sh;
			shellScript = "\"${PODS_ROOT}/Target Support Files/Pods-FallingWordsTests/Pods-FallingWordsTests-frameworks.sh\"\n";
			showEnvVarsInLog = 0;
		};
		F596109A116EBF7C1E0144A4 /* [CP] Check Pods Manifest.lock */ = {
			isa = PBXShellScriptBuildPhase;
			buildActionMask = 2147483647;
			files = (
			);
			inputFileListPaths = (
			);
			inputPaths = (
				"${PODS_PODFILE_DIR_PATH}/Podfile.lock",
				"${PODS_ROOT}/Manifest.lock",
			);
			name = "[CP] Check Pods Manifest.lock";
			outputFileListPaths = (
			);
			outputPaths = (
				"$(DERIVED_FILE_DIR)/Pods-FallingWordsTests-checkManifestLockResult.txt",
			);
			runOnlyForDeploymentPostprocessing = 0;
			shellPath = /bin/sh;
			shellScript = "diff \"${PODS_PODFILE_DIR_PATH}/Podfile.lock\" \"${PODS_ROOT}/Manifest.lock\" > /dev/null\nif [ $? != 0 ] ; then\n    # print error to STDERR\n    echo \"error: The sandbox is not in sync with the Podfile.lock. Run 'pod install' or update your CocoaPods installation.\" >&2\n    exit 1\nfi\n# This output is used by Xcode 'outputs' to avoid re-running this script phase.\necho \"SUCCESS\" > \"${SCRIPT_OUTPUT_FILE_0}\"\n";
			showEnvVarsInLog = 0;
		};
/* End PBXShellScriptBuildPhase section */

/* Begin PBXSourcesBuildPhase section */
		B851DFDF21FB393A002D4A6C /* Sources */ = {
			isa = PBXSourcesBuildPhase;
			buildActionMask = 2147483647;
			files = (
				B84E74D021FC558200880EB1 /* RoundData.swift in Sources */,
				B84595B521FC7FB200627186 /* GameViewStateConverter.swift in Sources */,
				B84595BD21FC839600627186 /* Scene.swift in Sources */,
				B84595BF21FC839B00627186 /* SceneCoordinator.swift in Sources */,
				B84595BA21FC809B00627186 /* StateStoreBindable.swift in Sources */,
				B84595CB21FC97B500627186 /* ResultsViewController.swift in Sources */,
				B84E74DE21FC68A900880EB1 /* AppStateStore.swift in Sources */,
				B84E74CB21FC534C00880EB1 /* TranslatedWordsLoader.swift in Sources */,
				B84595CD21FC98E800627186 /* ResultsViewStateConverter.swift in Sources */,
				B84595C621FC8F5B00627186 /* GameResults.swift in Sources */,
				B84E74D221FC562500880EB1 /* RoundsDataProvider.swift in Sources */,
				B84595CF21FC991D00627186 /* ResultsViewState.swift in Sources */,
				B84E74DA21FC689D00880EB1 /* AppState.swift in Sources */,
				B89BCAC821FB5CE900F0EB5B /* Strings.swift in Sources */,
				B84E74C921FC523000880EB1 /* TranslatedWord.swift in Sources */,
				B84E74DC21FC68A300880EB1 /* SideEffects.swift in Sources */,
				B851DFE721FB393A002D4A6C /* AppDelegate.swift in Sources */,
				B84595B021FC76CC00627186 /* GameViewController.swift in Sources */,
				B84595B721FC7FBC00627186 /* GameViewState.swift in Sources */,
				B84E74C621FC520700880EB1 /* TranslatedWordsParser.swift in Sources */,
			);
			runOnlyForDeploymentPostprocessing = 0;
		};
		B851DFF321FB393B002D4A6C /* Sources */ = {
			isa = PBXSourcesBuildPhase;
			buildActionMask = 2147483647;
			files = (
				B84E74D721FC58B200880EB1 /* TestData.swift in Sources */,
				B84595C821FC915800627186 /* State+ApplyEvents.swift in Sources */,
				B84E74CD21FC54A900880EB1 /* TranslatedWordsParserTests.swift in Sources */,
				B84E74E121FC6BCF00880EB1 /* ReducerTests.swift in Sources */,
				B84E74D521FC575D00880EB1 /* RoundsDataProviderTests.swift in Sources */,
				B84595C421FC8C6900627186 /* GameViewStateConverterTests.swift in Sources */,
				B84E74E321FC6D1500880EB1 /* SideEffectsInvocationTests.swift in Sources */,
				B84595D121FC9AB600627186 /* ResultsViewStateConverter.swift in Sources */,
				B84E74E621FC705500880EB1 /* SideEffectsMock.swift in Sources */,
			);
			runOnlyForDeploymentPostprocessing = 0;
		};
/* End PBXSourcesBuildPhase section */

/* Begin PBXTargetDependency section */
		B851DFF921FB393B002D4A6C /* PBXTargetDependency */ = {
			isa = PBXTargetDependency;
			target = B851DFE221FB393A002D4A6C /* FallingWords */;
			targetProxy = B851DFF821FB393B002D4A6C /* PBXContainerItemProxy */;
		};
/* End PBXTargetDependency section */

/* Begin PBXVariantGroup section */
		B851DFEA21FB393A002D4A6C /* Main.storyboard */ = {
			isa = PBXVariantGroup;
			children = (
				B851DFEB21FB393A002D4A6C /* Base */,
			);
			name = Main.storyboard;
			sourceTree = "<group>";
		};
		B851DFEF21FB393B002D4A6C /* LaunchScreen.storyboard */ = {
			isa = PBXVariantGroup;
			children = (
				B851DFF021FB393B002D4A6C /* Base */,
			);
			name = LaunchScreen.storyboard;
			sourceTree = "<group>";
		};
/* End PBXVariantGroup section */

/* Begin XCBuildConfiguration section */
		B851DFFE21FB393B002D4A6C /* Debug */ = {
			isa = XCBuildConfiguration;
			buildSettings = {
				ALWAYS_SEARCH_USER_PATHS = NO;
				CLANG_ANALYZER_NONNULL = YES;
				CLANG_ANALYZER_NUMBER_OBJECT_CONVERSION = YES_AGGRESSIVE;
				CLANG_CXX_LANGUAGE_STANDARD = "gnu++14";
				CLANG_CXX_LIBRARY = "libc++";
				CLANG_ENABLE_MODULES = YES;
				CLANG_ENABLE_OBJC_ARC = YES;
				CLANG_ENABLE_OBJC_WEAK = YES;
				CLANG_WARN_BLOCK_CAPTURE_AUTORELEASING = YES;
				CLANG_WARN_BOOL_CONVERSION = YES;
				CLANG_WARN_COMMA = YES;
				CLANG_WARN_CONSTANT_CONVERSION = YES;
				CLANG_WARN_DEPRECATED_OBJC_IMPLEMENTATIONS = YES;
				CLANG_WARN_DIRECT_OBJC_ISA_USAGE = YES_ERROR;
				CLANG_WARN_DOCUMENTATION_COMMENTS = YES;
				CLANG_WARN_EMPTY_BODY = YES;
				CLANG_WARN_ENUM_CONVERSION = YES;
				CLANG_WARN_INFINITE_RECURSION = YES;
				CLANG_WARN_INT_CONVERSION = YES;
				CLANG_WARN_NON_LITERAL_NULL_CONVERSION = YES;
				CLANG_WARN_OBJC_IMPLICIT_RETAIN_SELF = YES;
				CLANG_WARN_OBJC_LITERAL_CONVERSION = YES;
				CLANG_WARN_OBJC_ROOT_CLASS = YES_ERROR;
				CLANG_WARN_RANGE_LOOP_ANALYSIS = YES;
				CLANG_WARN_STRICT_PROTOTYPES = YES;
				CLANG_WARN_SUSPICIOUS_MOVE = YES;
				CLANG_WARN_UNGUARDED_AVAILABILITY = YES_AGGRESSIVE;
				CLANG_WARN_UNREACHABLE_CODE = YES;
				CLANG_WARN__DUPLICATE_METHOD_MATCH = YES;
				CODE_SIGN_IDENTITY = "iPhone Developer";
				COPY_PHASE_STRIP = NO;
				DEBUG_INFORMATION_FORMAT = dwarf;
				ENABLE_STRICT_OBJC_MSGSEND = YES;
				ENABLE_TESTABILITY = YES;
				GCC_C_LANGUAGE_STANDARD = gnu11;
				GCC_DYNAMIC_NO_PIC = NO;
				GCC_NO_COMMON_BLOCKS = YES;
				GCC_OPTIMIZATION_LEVEL = 0;
				GCC_PREPROCESSOR_DEFINITIONS = (
					"DEBUG=1",
					"$(inherited)",
				);
				GCC_WARN_64_TO_32_BIT_CONVERSION = YES;
				GCC_WARN_ABOUT_RETURN_TYPE = YES_ERROR;
				GCC_WARN_UNDECLARED_SELECTOR = YES;
				GCC_WARN_UNINITIALIZED_AUTOS = YES_AGGRESSIVE;
				GCC_WARN_UNUSED_FUNCTION = YES;
				GCC_WARN_UNUSED_VARIABLE = YES;
				IPHONEOS_DEPLOYMENT_TARGET = 12.1;
				MTL_ENABLE_DEBUG_INFO = INCLUDE_SOURCE;
				MTL_FAST_MATH = YES;
				ONLY_ACTIVE_ARCH = YES;
				SDKROOT = iphoneos;
				SWIFT_ACTIVE_COMPILATION_CONDITIONS = DEBUG;
				SWIFT_OPTIMIZATION_LEVEL = "-Onone";
			};
			name = Debug;
		};
		B851DFFF21FB393B002D4A6C /* Release */ = {
			isa = XCBuildConfiguration;
			buildSettings = {
				ALWAYS_SEARCH_USER_PATHS = NO;
				CLANG_ANALYZER_NONNULL = YES;
				CLANG_ANALYZER_NUMBER_OBJECT_CONVERSION = YES_AGGRESSIVE;
				CLANG_CXX_LANGUAGE_STANDARD = "gnu++14";
				CLANG_CXX_LIBRARY = "libc++";
				CLANG_ENABLE_MODULES = YES;
				CLANG_ENABLE_OBJC_ARC = YES;
				CLANG_ENABLE_OBJC_WEAK = YES;
				CLANG_WARN_BLOCK_CAPTURE_AUTORELEASING = YES;
				CLANG_WARN_BOOL_CONVERSION = YES;
				CLANG_WARN_COMMA = YES;
				CLANG_WARN_CONSTANT_CONVERSION = YES;
				CLANG_WARN_DEPRECATED_OBJC_IMPLEMENTATIONS = YES;
				CLANG_WARN_DIRECT_OBJC_ISA_USAGE = YES_ERROR;
				CLANG_WARN_DOCUMENTATION_COMMENTS = YES;
				CLANG_WARN_EMPTY_BODY = YES;
				CLANG_WARN_ENUM_CONVERSION = YES;
				CLANG_WARN_INFINITE_RECURSION = YES;
				CLANG_WARN_INT_CONVERSION = YES;
				CLANG_WARN_NON_LITERAL_NULL_CONVERSION = YES;
				CLANG_WARN_OBJC_IMPLICIT_RETAIN_SELF = YES;
				CLANG_WARN_OBJC_LITERAL_CONVERSION = YES;
				CLANG_WARN_OBJC_ROOT_CLASS = YES_ERROR;
				CLANG_WARN_RANGE_LOOP_ANALYSIS = YES;
				CLANG_WARN_STRICT_PROTOTYPES = YES;
				CLANG_WARN_SUSPICIOUS_MOVE = YES;
				CLANG_WARN_UNGUARDED_AVAILABILITY = YES_AGGRESSIVE;
				CLANG_WARN_UNREACHABLE_CODE = YES;
				CLANG_WARN__DUPLICATE_METHOD_MATCH = YES;
				CODE_SIGN_IDENTITY = "iPhone Developer";
				COPY_PHASE_STRIP = NO;
				DEBUG_INFORMATION_FORMAT = "dwarf-with-dsym";
				ENABLE_NS_ASSERTIONS = NO;
				ENABLE_STRICT_OBJC_MSGSEND = YES;
				GCC_C_LANGUAGE_STANDARD = gnu11;
				GCC_NO_COMMON_BLOCKS = YES;
				GCC_WARN_64_TO_32_BIT_CONVERSION = YES;
				GCC_WARN_ABOUT_RETURN_TYPE = YES_ERROR;
				GCC_WARN_UNDECLARED_SELECTOR = YES;
				GCC_WARN_UNINITIALIZED_AUTOS = YES_AGGRESSIVE;
				GCC_WARN_UNUSED_FUNCTION = YES;
				GCC_WARN_UNUSED_VARIABLE = YES;
				IPHONEOS_DEPLOYMENT_TARGET = 12.1;
				MTL_ENABLE_DEBUG_INFO = NO;
				MTL_FAST_MATH = YES;
				SDKROOT = iphoneos;
				SWIFT_COMPILATION_MODE = wholemodule;
				SWIFT_OPTIMIZATION_LEVEL = "-O";
				VALIDATE_PRODUCT = YES;
			};
			name = Release;
		};
		B851E00121FB393B002D4A6C /* Debug */ = {
			isa = XCBuildConfiguration;
			baseConfigurationReference = E2961C1FB14E834C85B065FF /* Pods-FallingWords.debug.xcconfig */;
			buildSettings = {
				ASSETCATALOG_COMPILER_APPICON_NAME = AppIcon;
				CODE_SIGN_STYLE = Automatic;
				DEVELOPMENT_TEAM = "";
				INFOPLIST_FILE = FallingWords/Info.plist;
				IPHONEOS_DEPLOYMENT_TARGET = 11.0;
				LD_RUNPATH_SEARCH_PATHS = (
					"$(inherited)",
					"@executable_path/Frameworks",
				);
				PRODUCT_BUNDLE_IDENTIFIER = com.avs.FallingWords;
				PRODUCT_NAME = "$(TARGET_NAME)";
				SWIFT_VERSION = 5.0;
				TARGETED_DEVICE_FAMILY = "1,2";
			};
			name = Debug;
		};
		B851E00221FB393B002D4A6C /* Release */ = {
			isa = XCBuildConfiguration;
			baseConfigurationReference = 8027F29478EC1AC2D3BECBCD /* Pods-FallingWords.release.xcconfig */;
			buildSettings = {
				ASSETCATALOG_COMPILER_APPICON_NAME = AppIcon;
				CODE_SIGN_STYLE = Automatic;
				DEVELOPMENT_TEAM = "";
				INFOPLIST_FILE = FallingWords/Info.plist;
				IPHONEOS_DEPLOYMENT_TARGET = 11.0;
				LD_RUNPATH_SEARCH_PATHS = (
					"$(inherited)",
					"@executable_path/Frameworks",
				);
				PRODUCT_BUNDLE_IDENTIFIER = com.avs.FallingWords;
				PRODUCT_NAME = "$(TARGET_NAME)";
				SWIFT_VERSION = 5.0;
				TARGETED_DEVICE_FAMILY = "1,2";
			};
			name = Release;
		};
		B851E00421FB393B002D4A6C /* Debug */ = {
			isa = XCBuildConfiguration;
			baseConfigurationReference = 880530449C81352E00EE63B6 /* Pods-FallingWordsTests.debug.xcconfig */;
			buildSettings = {
				BUNDLE_LOADER = "$(TEST_HOST)";
				CODE_SIGN_STYLE = Automatic;
				DEVELOPMENT_TEAM = RBNKHS73S3;
				INFOPLIST_FILE = FallingWordsTests/Info.plist;
				LD_RUNPATH_SEARCH_PATHS = (
					"$(inherited)",
					"@executable_path/Frameworks",
					"@loader_path/Frameworks",
				);
				PRODUCT_BUNDLE_IDENTIFIER = com.avs.FallingWordsTests;
				PRODUCT_NAME = "$(TARGET_NAME)";
				SWIFT_VERSION = 5.0;
				TARGETED_DEVICE_FAMILY = "1,2";
				TEST_HOST = "$(BUILT_PRODUCTS_DIR)/FallingWords.app/FallingWords";
			};
			name = Debug;
		};
		B851E00521FB393B002D4A6C /* Release */ = {
			isa = XCBuildConfiguration;
			baseConfigurationReference = F71B26DFC560E01FC9192985 /* Pods-FallingWordsTests.release.xcconfig */;
			buildSettings = {
				BUNDLE_LOADER = "$(TEST_HOST)";
				CODE_SIGN_STYLE = Automatic;
				DEVELOPMENT_TEAM = RBNKHS73S3;
				INFOPLIST_FILE = FallingWordsTests/Info.plist;
				LD_RUNPATH_SEARCH_PATHS = (
					"$(inherited)",
					"@executable_path/Frameworks",
					"@loader_path/Frameworks",
				);
				PRODUCT_BUNDLE_IDENTIFIER = com.avs.FallingWordsTests;
				PRODUCT_NAME = "$(TARGET_NAME)";
				SWIFT_VERSION = 5.0;
				TARGETED_DEVICE_FAMILY = "1,2";
				TEST_HOST = "$(BUILT_PRODUCTS_DIR)/FallingWords.app/FallingWords";
			};
			name = Release;
		};
/* End XCBuildConfiguration section */

/* Begin XCConfigurationList section */
		B851DFDE21FB393A002D4A6C /* Build configuration list for PBXProject "FallingWords" */ = {
			isa = XCConfigurationList;
			buildConfigurations = (
				B851DFFE21FB393B002D4A6C /* Debug */,
				B851DFFF21FB393B002D4A6C /* Release */,
			);
			defaultConfigurationIsVisible = 0;
			defaultConfigurationName = Release;
		};
		B851E00021FB393B002D4A6C /* Build configuration list for PBXNativeTarget "FallingWords" */ = {
			isa = XCConfigurationList;
			buildConfigurations = (
				B851E00121FB393B002D4A6C /* Debug */,
				B851E00221FB393B002D4A6C /* Release */,
			);
			defaultConfigurationIsVisible = 0;
			defaultConfigurationName = Release;
		};
		B851E00321FB393B002D4A6C /* Build configuration list for PBXNativeTarget "FallingWordsTests" */ = {
			isa = XCConfigurationList;
			buildConfigurations = (
				B851E00421FB393B002D4A6C /* Debug */,
				B851E00521FB393B002D4A6C /* Release */,
			);
			defaultConfigurationIsVisible = 0;
			defaultConfigurationName = Release;
		};
/* End XCConfigurationList section */
	};
	rootObject = B851DFDB21FB393A002D4A6C /* Project object */;
}
